
Microsoft Visual Studio Solution File, Format Version 12.00
# Visual Studio Version 16
VisualStudioVersion = 16.0.30907.101
MinimumVisualStudioVersion = 10.0.40219.1
Project("{9A19103F-16F7-4668-BE54-9A1E7A4F7556}") = "Entities", "Entities\Entities.csproj", "{9F735A3A-1359-4431-A5F3-4E47DEAFCF80}"
EndProject
Project("{9A19103F-16F7-4668-BE54-9A1E7A4F7556}") = "DataAccess", "DataAccess\DataAccess.csproj", "{CC2F882E-D11C-441B-9640-EACCE89BB9D1}"
EndProject
Project("{9A19103F-16F7-4668-BE54-9A1E7A4F7556}") = "Business", "Business\Business.csproj", "{7033BF5D-B8AB-44A6-8F88-03320FD06E31}"
EndProject
Project("{9A19103F-16F7-4668-BE54-9A1E7A4F7556}") = "ConsoleUI", "ConsoleUI\ConsoleUI.csproj", "{C25D0AD7-6B8F-416F-ADBF-1DE8DD82D796}"
EndProject
Project("{9A19103F-16F7-4668-BE54-9A1E7A4F7556}") = "EntityFrameworkDemo", "EntityFrameworkDemo\EntityFrameworkDemo.csproj", "{395C664A-2556-4DC1-8AEB-67815810B29A}"
EndProject
Project("{9A19103F-16F7-4668-BE54-9A1E7A4F7556}") = "Core", "Core\Core.csproj", "{07BA6823-D350-4FBF-9B76-C9FD9E392290}"
EndProject
Project("{FAE04EC0-301F-11D3-BF4B-00C04F79EFBC}") = "WebAPI", "WebAPI\WebAPI.csproj", "{C3AD3E7B-A532-47D8-AA7C-FAD50C2C3ECA}"
EndProject
Global
	GlobalSection(SolutionConfigurationPlatforms) = preSolution
		Debug|Any CPU = Debug|Any CPU
		Release|Any CPU = Release|Any CPU
	EndGlobalSection
	GlobalSection(ProjectConfigurationPlatforms) = postSolution
		{9F735A3A-1359-4431-A5F3-4E47DEAFCF80}.Debug|Any CPU.ActiveCfg = Debug|Any CPU
		{9F735A3A-1359-4431-A5F3-4E47DEAFCF80}.Debug|Any CPU.Build.0 = Debug|Any CPU
		{9F735A3A-1359-4431-A5F3-4E47DEAFCF80}.Release|Any CPU.ActiveCfg = Release|Any CPU
		{9F735A3A-1359-4431-A5F3-4E47DEAFCF80}.Release|Any CPU.Build.0 = Release|Any CPU
		{CC2F882E-D11C-441B-9640-EACCE89BB9D1}.Debug|Any CPU.ActiveCfg = Debug|Any CPU
		{CC2F882E-D11C-441B-9640-EACCE89BB9D1}.Debug|Any CPU.Build.0 = Debug|Any CPU
		{CC2F882E-D11C-441B-9640-EACCE89BB9D1}.Release|Any CPU.ActiveCfg = Release|Any CPU
		{CC2F882E-D11C-441B-9640-EACCE89BB9D1}.Release|Any CPU.Build.0 = Release|Any CPU
		{7033BF5D-B8AB-44A6-8F88-03320FD06E31}.Debug|Any CPU.ActiveCfg = Debug|Any CPU
		{7033BF5D-B8AB-44A6-8F88-03320FD06E31}.Debug|Any CPU.Build.0 = Debug|Any CPU
		{7033BF5D-B8AB-44A6-8F88-03320FD06E31}.Release|Any CPU.ActiveCfg = Release|Any CPU
		{7033BF5D-B8AB-44A6-8F88-03320FD06E31}.Release|Any CPU.Build.0 = Release|Any CPU
		{C25D0AD7-6B8F-416F-ADBF-1DE8DD82D796}.Debug|Any CPU.ActiveCfg = Debug|Any CPU
		{C25D0AD7-6B8F-416F-ADBF-1DE8DD82D796}.Debug|Any CPU.Build.0 = Debug|Any CPU
		{C25D0AD7-6B8F-416F-ADBF-1DE8DD82D796}.Release|Any CPU.ActiveCfg = Release|Any CPU
		{C25D0AD7-6B8F-416F-ADBF-1DE8DD82D796}.Release|Any CPU.Build.0 = Release|Any CPU
		{395C664A-2556-4DC1-8AEB-67815810B29A}.Debug|Any CPU.ActiveCfg = Debug|Any CPU
		{395C664A-2556-4DC1-8AEB-67815810B29A}.Debug|Any CPU.Build.0 = Debug|Any CPU
		{395C664A-2556-4DC1-8AEB-67815810B29A}.Release|Any CPU.ActiveCfg = Release|Any CPU
		{395C664A-2556-4DC1-8AEB-67815810B29A}.Release|Any CPU.Build.0 = Release|Any CPU
		{07BA6823-D350-4FBF-9B76-C9FD9E392290}.Debug|Any CPU.ActiveCfg = Debug|Any CPU
		{07BA6823-D350-4FBF-9B76-C9FD9E392290}.Debug|Any CPU.Build.0 = Debug|Any CPU
		{07BA6823-D350-4FBF-9B76-C9FD9E392290}.Release|Any CPU.ActiveCfg = Release|Any CPU
		{07BA6823-D350-4FBF-9B76-C9FD9E392290}.Release|Any CPU.Build.0 = Release|Any CPU
		{C3AD3E7B-A532-47D8-AA7C-FAD50C2C3ECA}.Debug|Any CPU.ActiveCfg = Debug|Any CPU
		{C3AD3E7B-A532-47D8-AA7C-FAD50C2C3ECA}.Debug|Any CPU.Build.0 = Debug|Any CPU
		{C3AD3E7B-A532-47D8-AA7C-FAD50C2C3ECA}.Release|Any CPU.ActiveCfg = Release|Any CPU
		{C3AD3E7B-A532-47D8-AA7C-FAD50C2C3ECA}.Release|Any CPU.Build.0 = Release|Any CPU
	EndGlobalSection
	GlobalSection(SolutionProperties) = preSolution
		HideSolutionNode = FALSE
	EndGlobalSection
	GlobalSection(ExtensibilityGlobals) = postSolution
		SolutionGuid = {B9CBCB39-E9AD-48D9-A865-E352669465AD}
	EndGlobalSection
EndGlobal
